
Microsoft Visual Studio Solution File, Format Version 12.00
# Visual Studio Version 16
VisualStudioVersion = 16.0.29230.47
MinimumVisualStudioVersion = 10.0.40219.1
Project("{2150E333-8FDC-42A3-9474-1A3956D46DE8}") = "Microservices", "Microservices", "{172D62CE-A167-4984-923A-04A59BEBC1FD}"
EndProject
Project("{2150E333-8FDC-42A3-9474-1A3956D46DE8}") = "Domain", "Domain", "{F2A9CDC1-CB6A-4358-8B26-40F1602460AE}"
EndProject
Project("{2150E333-8FDC-42A3-9474-1A3956D46DE8}") = "Infra.Bus", "Infra.Bus", "{CF413B21-76A0-46A5-92E7-2A6F5DF6BFDA}"
EndProject
Project("{2150E333-8FDC-42A3-9474-1A3956D46DE8}") = "Infra.Ioc", "Infra.Ioc", "{43A2C07C-AF92-46F3-9383-E96FEA8B083D}"
EndProject
Project("{2150E333-8FDC-42A3-9474-1A3956D46DE8}") = "Presentation", "Presentation", "{D8D024C5-C686-439D-9B00-97888AE79198}"
EndProject
Project("{9A19103F-16F7-4668-BE54-9A1E7A4F7556}") = "Microrabbit.Domain.Core", "Microrabbit.Domain.Core\Microrabbit.Domain.Core.csproj", "{4C79539C-F2BC-41A8-9F9B-95B1C9BAAA94}"
EndProject
Project("{FAE04EC0-301F-11D3-BF4B-00C04F79EFBC}") = "MicroRabbit.Infra.Bus", "MicroRabbit.Infra.Bus\MicroRabbit.Infra.Bus.csproj", "{EB29D786-11AA-4F74-9305-BDFCFD736744}"
EndProject
Project("{FAE04EC0-301F-11D3-BF4B-00C04F79EFBC}") = "MicroRabbit.Infra.Ioc", "MicroRabbit.Infra.Ioc\MicroRabbit.Infra.Ioc.csproj", "{0BAAEFE3-2E30-4E43-A9BD-2DE667EBC06D}"
EndProject
Global
	GlobalSection(SolutionConfigurationPlatforms) = preSolution
		Debug|Any CPU = Debug|Any CPU
		Release|Any CPU = Release|Any CPU
	EndGlobalSection
	GlobalSection(ProjectConfigurationPlatforms) = postSolution
		{4C79539C-F2BC-41A8-9F9B-95B1C9BAAA94}.Debug|Any CPU.ActiveCfg = Debug|Any CPU
		{4C79539C-F2BC-41A8-9F9B-95B1C9BAAA94}.Debug|Any CPU.Build.0 = Debug|Any CPU
		{4C79539C-F2BC-41A8-9F9B-95B1C9BAAA94}.Release|Any CPU.ActiveCfg = Release|Any CPU
		{4C79539C-F2BC-41A8-9F9B-95B1C9BAAA94}.Release|Any CPU.Build.0 = Release|Any CPU
		{EB29D786-11AA-4F74-9305-BDFCFD736744}.Debug|Any CPU.ActiveCfg = Debug|Any CPU
		{EB29D786-11AA-4F74-9305-BDFCFD736744}.Debug|Any CPU.Build.0 = Debug|Any CPU
		{EB29D786-11AA-4F74-9305-BDFCFD736744}.Release|Any CPU.ActiveCfg = Release|Any CPU
		{EB29D786-11AA-4F74-9305-BDFCFD736744}.Release|Any CPU.Build.0 = Release|Any CPU
		{0BAAEFE3-2E30-4E43-A9BD-2DE667EBC06D}.Debug|Any CPU.ActiveCfg = Debug|Any CPU
		{0BAAEFE3-2E30-4E43-A9BD-2DE667EBC06D}.Debug|Any CPU.Build.0 = Debug|Any CPU
		{0BAAEFE3-2E30-4E43-A9BD-2DE667EBC06D}.Release|Any CPU.ActiveCfg = Release|Any CPU
		{0BAAEFE3-2E30-4E43-A9BD-2DE667EBC06D}.Release|Any CPU.Build.0 = Release|Any CPU
	EndGlobalSection
	GlobalSection(SolutionProperties) = preSolution
		HideSolutionNode = FALSE
	EndGlobalSection
	GlobalSection(NestedProjects) = preSolution
		{4C79539C-F2BC-41A8-9F9B-95B1C9BAAA94} = {F2A9CDC1-CB6A-4358-8B26-40F1602460AE}
		{EB29D786-11AA-4F74-9305-BDFCFD736744} = {CF413B21-76A0-46A5-92E7-2A6F5DF6BFDA}
		{0BAAEFE3-2E30-4E43-A9BD-2DE667EBC06D} = {43A2C07C-AF92-46F3-9383-E96FEA8B083D}
	EndGlobalSection
	GlobalSection(ExtensibilityGlobals) = postSolution
		SolutionGuid = {E68D5CBB-4ABF-4C80-83CE-7FD4045666BA}
	EndGlobalSection
EndGlobal
